// !$*UTF8*$!
{
	archiveVersion = 1;
	classes = {
	};
	objectVersion = 55;
	objects = {

/* Begin PBXBuildFile section */
		EC8E625228A0FDE200F87734 /* kuwaitCodesTracksAppApp.swift in Sources */ = {isa = PBXBuildFile; fileRef = EC8E625128A0FDE200F87734 /* kuwaitCodesTracksAppApp.swift */; };
		EC8E625428A0FDE200F87734 /* ContentView.swift in Sources */ = {isa = PBXBuildFile; fileRef = EC8E625328A0FDE200F87734 /* ContentView.swift */; };
		EC8E625628A0FDE300F87734 /* Assets.xcassets in Resources */ = {isa = PBXBuildFile; fileRef = EC8E625528A0FDE300F87734 /* Assets.xcassets */; };
		EC8E625928A0FDE300F87734 /* Preview Assets.xcassets in Resources */ = {isa = PBXBuildFile; fileRef = EC8E625828A0FDE300F87734 /* Preview Assets.xcassets */; };
		EC8E626028A0FE1100F87734 /* Wahran-Bold.otf in Resources */ = {isa = PBXBuildFile; fileRef = EC8E625F28A0FE1100F87734 /* Wahran-Bold.otf */; };
		EC8E626228A0FE1C00F87734 /* GE-MB-Farah-Bold.otf in Resources */ = {isa = PBXBuildFile; fileRef = EC8E626128A0FE1C00F87734 /* GE-MB-Farah-Bold.otf */; };
/* End PBXBuildFile section */

/* Begin PBXFileReference section */
		EC8E624E28A0FDE200F87734 /* kuwaitCodesTracksApp.app */ = {isa = PBXFileReference; explicitFileType = wrapper.application; includeInIndex = 0; path = kuwaitCodesTracksApp.app; sourceTree = BUILT_PRODUCTS_DIR; };
		EC8E625128A0FDE200F87734 /* kuwaitCodesTracksAppApp.swift */ = {isa = PBXFileReference; lastKnownFileType = sourcecode.swift; path = kuwaitCodesTracksAppApp.swift; sourceTree = "<group>"; };
		EC8E625328A0FDE200F87734 /* ContentView.swift */ = {isa = PBXFileReference; lastKnownFileType = sourcecode.swift; path = ContentView.swift; sourceTree = "<group>"; };
		EC8E625528A0FDE300F87734 /* Assets.xcassets */ = {isa = PBXFileReference; lastKnownFileType = folder.assetcatalog; path = Assets.xcassets; sourceTree = "<group>"; };
		EC8E625828A0FDE300F87734 /* Preview Assets.xcassets */ = {isa = PBXFileReference; lastKnownFileType = folder.assetcatalog; path = "Preview Assets.xcassets"; sourceTree = "<group>"; };
		EC8E625F28A0FE1100F87734 /* Wahran-Bold.otf */ = {isa = PBXFileReference; lastKnownFileType = file; path = "Wahran-Bold.otf"; sourceTree = "<group>"; };
		EC8E626128A0FE1C00F87734 /* GE-MB-Farah-Bold.otf */ = {isa = PBXFileReference; lastKnownFileType = file; path = "GE-MB-Farah-Bold.otf"; sourceTree = "<group>"; };
		EC8E626328A0FE3800F87734 /* Info.plist */ = {isa = PBXFileReference; lastKnownFileType = text.plist; path = Info.plist; sourceTree = "<group>"; };
/* End PBXFileReference section */

/* Begin PBXFrameworksBuildPhase section */
		EC8E624B28A0FDE200F87734 /* Frameworks */ = {
			isa = PBXFrameworksBuildPhase;
			buildActionMask = 2147483647;
			files = (
			);
			runOnlyForDeploymentPostprocessing = 0;
		};
/* End PBXFrameworksBuildPhase section */

/* Begin PBXGroup section */
		EC8E624528A0FDE200F87734 = {
			isa = PBXGroup;
			children = (
				EC8E625028A0FDE200F87734 /* kuwaitCodesTracksApp */,
				EC8E624F28A0FDE200F87734 /* Products */,
			);
			sourceTree = "<group>";
		};
		EC8E624F28A0FDE200F87734 /* Products */ = {
			isa = PBXGroup;
			children = (
				EC8E624E28A0FDE200F87734 /* kuwaitCodesTracksApp.app */,
			);
			name = Products;
			sourceTree = "<group>";
		};
		EC8E625028A0FDE200F87734 /* kuwaitCodesTracksApp */ = {
			isa = PBXGroup;
			children = (
				EC8E626328A0FE3800F87734 /* Info.plist */,
				EC8E625128A0FDE200F87734 /* kuwaitCodesTracksAppApp.swift */,
				EC8E625328A0FDE200F87734 /* ContentView.swift */,
				EC8E625F28A0FE1100F87734 /* Wahran-Bold.otf */,
				EC8E626128A0FE1C00F87734 /* GE-MB-Farah-Bold.otf */,
				EC8E625528A0FDE300F87734 /* Assets.xcassets */,
				EC8E625728A0FDE300F87734 /* Preview Content */,
			);
			path = kuwaitCodesTracksApp;
			sourceTree = "<group>";
		};
		EC8E625728A0FDE300F87734 /* Preview Content */ = {
			isa = PBXGroup;
			children = (
				EC8E625828A0FDE300F87734 /* Preview Assets.xcassets */,
			);
			path = "Preview Content";
			sourceTree = "<group>";
		};
/* End PBXGroup section */

/* Begin PBXNativeTarget section */
		EC8E624D28A0FDE200F87734 /* kuwaitCodesTracksApp */ = {
			isa = PBXNativeTarget;
			buildConfigurationList = EC8E625C28A0FDE300F87734 /* Build configuration list for PBXNativeTarget "kuwaitCodesTracksApp" */;
			buildPhases = (
				EC8E624A28A0FDE200F87734 /* Sources */,
				EC8E624B28A0FDE200F87734 /* Frameworks */,
				EC8E624C28A0FDE200F87734 /* Resources */,
			);
			buildRules = (
			);
			dependencies = (
			);
			name = kuwaitCodesTracksApp;
			productName = kuwaitCodesTracksApp;
			productReference = EC8E624E28A0FDE200F87734 /* kuwaitCodesTracksApp.app */;
			productType = "com.apple.product-type.application";
		};
/* End PBXNativeTarget section */

/* Begin PBXProject section */
		EC8E624628A0FDE200F87734 /* Project object */ = {
			isa = PBXProject;
			attributes = {
				BuildIndependentTargetsInParallel = 1;
				LastSwiftUpdateCheck = 1340;
				LastUpgradeCheck = 1340;
				TargetAttributes = {
					EC8E624D28A0FDE200F87734 = {
						CreatedOnToolsVersion = 13.4.1;
					};
				};
			};
			buildConfigurationList = EC8E624928A0FDE200F87734 /* Build configuration list for PBXProject "kuwaitCodesTracksApp" */;
			compatibilityVersion = "Xcode 13.0";
			developmentRegion = en;
			hasScannedForEncodings = 0;
			knownRegions = (
				en,
				Base,
			);
			mainGroup = EC8E624528A0FDE200F87734;
			productRefGroup = EC8E624F28A0FDE200F87734 /* Products */;
			projectDirPath = "";
			projectRoot = "";
			targets = (
				EC8E624D28A0FDE200F87734 /* kuwaitCodesTracksApp */,
			);
		};
/* End PBXProject section */

/* Begin PBXResourcesBuildPhase section */
		EC8E624C28A0FDE200F87734 /* Resources */ = {
			isa = PBXResourcesBuildPhase;
			buildActionMask = 2147483647;
			files = (
				EC8E626228A0FE1C00F87734 /* GE-MB-Farah-Bold.otf in Resources */,
				EC8E626028A0FE1100F87734 /* Wahran-Bold.otf in Resources */,
				EC8E625928A0FDE300F87734 /* Preview Assets.xcassets in Resources */,
				EC8E625628A0FDE300F87734 /* Assets.xcassets in Resources */,
			);
			runOnlyForDeploymentPostprocessing = 0;
		};
/* End PBXResourcesBuildPhase section */

/* Begin PBXSourcesBuildPhase section */
		EC8E624A28A0FDE200F87734 /* Sources */ = {
			isa = PBXSourcesBuildPhase;
			buildActionMask = 2147483647;
			files = (
				EC8E625428A0FDE200F87734 /* ContentView.swift in Sources */,
				EC8E625228A0FDE200F87734 /* kuwaitCodesTracksAppApp.swift in Sources */,
			);
			runOnlyForDeploymentPostprocessing = 0;
		};
/* End PBXSourcesBuildPhase section */

/* Begin XCBuildConfiguration section */
		EC8E625A28A0FDE300F87734 /* Debug */ = {
			isa = XCBuildConfiguration;
			buildSettings = {
				ALWAYS_SEARCH_USER_PATHS = NO;
				CLANG_ANALYZER_NONNULL = YES;
				CLANG_ANALYZER_NUMBER_OBJECT_CONVERSION = YES_AGGRESSIVE;
				CLANG_CXX_LANGUAGE_STANDARD = "gnu++17";
				CLANG_ENABLE_MODULES = YES;
				CLANG_ENABLE_OBJC_ARC = YES;
				CLANG_ENABLE_OBJC_WEAK = YES;
				CLANG_WARN_BLOCK_CAPTURE_AUTORELEASING = YES;
				CLANG_WARN_BOOL_CONVERSION = YES;
				CLANG_WARN_COMMA = YES;
				CLANG_WARN_CONSTANT_CONVERSION = YES;
				CLANG_WARN_DEPRECATED_OBJC_IMPLEMENTATIONS = YES;
				CLANG_WARN_DIRECT_OBJC_ISA_USAGE = YES_ERROR;
				CLANG_WARN_DOCUMENTATION_COMMENTS = YES;
				CLANG_WARN_EMPTY_BODY = YES;
				CLANG_WARN_ENUM_CONVERSION = YES;
				CLANG_WARN_INFINITE_RECURSION = YES;
				CLANG_WARN_INT_CONVERSION = YES;
				CLANG_WARN_NON_LITERAL_NULL_CONVERSION = YES;
				CLANG_WARN_OBJC_IMPLICIT_RETAIN_SELF = YES;
				CLANG_WARN_OBJC_LITERAL_CONVERSION = YES;
				CLANG_WARN_OBJC_ROOT_CLASS = YES_ERROR;
				CLANG_WARN_QUOTED_INCLUDE_IN_FRAMEWORK_HEADER = YES;
				CLANG_WARN_RANGE_LOOP_ANALYSIS = YES;
				CLANG_WARN_STRICT_PROTOTYPES = YES;
				CLANG_WARN_SUSPICIOUS_MOVE = YES;
				CLANG_WARN_UNGUARDED_AVAILABILITY = YES_AGGRESSIVE;
				CLANG_WARN_UNREACHABLE_CODE = YES;
				CLANG_WARN__DUPLICATE_METHOD_MATCH = YES;
				COPY_PHASE_STRIP = NO;
				DEBUG_INFORMATION_FORMAT = dwarf;
				ENABLE_STRICT_OBJC_MSGSEND = YES;
				ENABLE_TESTABILITY = YES;
				GCC_C_LANGUAGE_STANDARD = gnu11;
				GCC_DYNAMIC_NO_PIC = NO;
				GCC_NO_COMMON_BLOCKS = YES;
				GCC_OPTIMIZATION_LEVEL = 0;
				GCC_PREPROCESSOR_DEFINITIONS = (
					"DEBUG=1",
					"$(inherited)",
				);
				GCC_WARN_64_TO_32_BIT_CONVERSION = YES;
				GCC_WARN_ABOUT_RETURN_TYPE = YES_ERROR;
				GCC_WARN_UNDECLARED_SELECTOR = YES;
				GCC_WARN_UNINITIALIZED_AUTOS = YES_AGGRESSIVE;
				GCC_WARN_UNUSED_FUNCTION = YES;
				GCC_WARN_UNUSED_VARIABLE = YES;
				IPHONEOS_DEPLOYMENT_TARGET = 15.5;
				MTL_ENABLE_DEBUG_INFO = INCLUDE_SOURCE;
				MTL_FAST_MATH = YES;
				ONLY_ACTIVE_ARCH = YES;
				SDKROOT = iphoneos;
				SWIFT_ACTIVE_COMPILATION_CONDITIONS = DEBUG;
				SWIFT_OPTIMIZATION_LEVEL = "-Onone";
			};
			name = Debug;
		};
		EC8E625B28A0FDE300F87734 /* Release */ = {
			isa = XCBuildConfiguration;
			buildSettings = {
				ALWAYS_SEARCH_USER_PATHS = NO;
				CLANG_ANALYZER_NONNULL = YES;
				CLANG_ANALYZER_NUMBER_OBJECT_CONVERSION = YES_AGGRESSIVE;
				CLANG_CXX_LANGUAGE_STANDARD = "gnu++17";
				CLANG_ENABLE_MODULES = YES;
				CLANG_ENABLE_OBJC_ARC = YES;
				CLANG_ENABLE_OBJC_WEAK = YES;
				CLANG_WARN_BLOCK_CAPTURE_AUTORELEASING = YES;
				CLANG_WARN_BOOL_CONVERSION = YES;
				CLANG_WARN_COMMA = YES;
				CLANG_WARN_CONSTANT_CONVERSION = YES;
				CLANG_WARN_DEPRECATED_OBJC_IMPLEMENTATIONS = YES;
				CLANG_WARN_DIRECT_OBJC_ISA_USAGE = YES_ERROR;
				CLANG_WARN_DOCUMENTATION_COMMENTS = YES;
				CLANG_WARN_EMPTY_BODY = YES;
				CLANG_WARN_ENUM_CONVERSION = YES;
				CLANG_WARN_INFINITE_RECURSION = YES;
				CLANG_WARN_INT_CONVERSION = YES;
				CLANG_WARN_NON_LITERAL_NULL_CONVERSION = YES;
				CLANG_WARN_OBJC_IMPLICIT_RETAIN_SELF = YES;
				CLANG_WARN_OBJC_LITERAL_CONVERSION = YES;
				CLANG_WARN_OBJC_ROOT_CLASS = YES_ERROR;
				CLANG_WARN_QUOTED_INCLUDE_IN_FRAMEWORK_HEADER = YES;
				CLANG_WARN_RANGE_LOOP_ANALYSIS = YES;
				CLANG_WARN_STRICT_PROTOTYPES = YES;
				CLANG_WARN_SUSPICIOUS_MOVE = YES;
				CLANG_WARN_UNGUARDED_AVAILABILITY = YES_AGGRESSIVE;
				CLANG_WARN_UNREACHABLE_CODE = YES;
				CLANG_WARN__DUPLICATE_METHOD_MATCH = YES;
				COPY_PHASE_STRIP = NO;
				DEBUG_INFORMATION_FORMAT = "dwarf-with-dsym";
				ENABLE_NS_ASSERTIONS = NO;
				ENABLE_STRICT_OBJC_MSGSEND = YES;
				GCC_C_LANGUAGE_STANDARD = gnu11;
				GCC_NO_COMMON_BLOCKS = YES;
				GCC_WARN_64_TO_32_BIT_CONVERSION = YES;
				GCC_WARN_ABOUT_RETURN_TYPE = YES_ERROR;
				GCC_WARN_UNDECLARED_SELECTOR = YES;
				GCC_WARN_UNINITIALIZED_AUTOS = YES_AGGRESSIVE;
				GCC_WARN_UNUSED_FUNCTION = YES;
				GCC_WARN_UNUSED_VARIABLE = YES;
				IPHONEOS_DEPLOYMENT_TARGET = 15.5;
				MTL_ENABLE_DEBUG_INFO = NO;
				MTL_FAST_MATH = YES;
				SDKROOT = iphoneos;
				SWIFT_COMPILATION_MODE = wholemodule;
				SWIFT_OPTIMIZATION_LEVEL = "-O";
				VALIDATE_PRODUCT = YES;
			};
			name = Release;
		};
		EC8E625D28A0FDE300F87734 /* Debug */ = {
			isa = XCBuildConfiguration;
			buildSettings = {
				ASSETCATALOG_COMPILER_APPICON_NAME = AppIcon;
				ASSETCATALOG_COMPILER_GLOBAL_ACCENT_COLOR_NAME = AccentColor;
				CODE_SIGN_STYLE = Automatic;
				CURRENT_PROJECT_VERSION = 1;
				DEVELOPMENT_ASSET_PATHS = "\"kuwaitCodesTracksApp/Preview Content\"";
				DEVELOPMENT_TEAM = LKTZZ7TC6L;
				ENABLE_PREVIEWS = YES;
				GENERATE_INFOPLIST_FILE = YES;
				INFOPLIST_FILE = kuwaitCodesTracksApp/Info.plist;
				INFOPLIST_KEY_LSApplicationCategoryType = "";
				INFOPLIST_KEY_UIApplicationSceneManifest_Generation = YES;
				INFOPLIST_KEY_UIApplicationSupportsIndirectInputEvents = YES;
				INFOPLIST_KEY_UILaunchScreen_Generation = YES;
				INFOPLIST_KEY_UISupportedInterfaceOrientations_iPad = "UIInterfaceOrientationPortrait UIInterfaceOrientationPortraitUpsideDown UIInterfaceOrientationLandscapeLeft UIInterfaceOrientationLandscapeRight";
				INFOPLIST_KEY_UISupportedInterfaceOrientations_iPhone = "UIInterfaceOrientationPortrait UIInterfaceOrientationLandscapeLeft UIInterfaceOrientationLandscapeRight";
				LD_RUNPATH_SEARCH_PATHS = (
					"$(inherited)",
					"@executable_path/Frameworks",
				);
				MARKETING_VERSION = 1.0;
				PRODUCT_BUNDLE_IDENTIFIER = com.aal3aamry.kuwaitCodesTracksApp;
				PRODUCT_NAME = "$(TARGET_NAME)";
				SWIFT_EMIT_LOC_STRINGS = YES;
				SWIFT_VERSION = 5.0;
				TARGETED_DEVICE_FAMILY = "1,2";
			};
			name = Debug;
		};
		EC8E625E28A0FDE300F87734 /* Release */ = {
			isa = XCBuildConfiguration;
			buildSettings = {
				ASSETCATALOG_COMPILER_APPICON_NAME = AppIcon;
				ASSETCATALOG_COMPILER_GLOBAL_ACCENT_COLOR_NAME = AccentColor;
				CODE_SIGN_STYLE = Automatic;
				CURRENT_PROJECT_VERSION = 1;
				DEVELOPMENT_ASSET_PATHS = "\"kuwaitCodesTracksApp/Preview Content\"";
				DEVELOPMENT_TEAM = LKTZZ7TC6L;
				ENABLE_PREVIEWS = YES;
				GENERATE_INFOPLIST_FILE = YES;
				INFOPLIST_FILE = kuwaitCodesTracksApp/Info.plist;
				INFOPLIST_KEY_LSApplicationCategoryType = "";
				INFOPLIST_KEY_UIApplicationSceneManifest_Generation = YES;
				INFOPLIST_KEY_UIApplicationSupportsIndirectInputEvents = YES;
				INFOPLIST_KEY_UILaunchScreen_Generation = YES;
				INFOPLIST_KEY_UISupportedInterfaceOrientations_iPad = "UIInterfaceOrientationPortrait UIInterfaceOrientationPortraitUpsideDown UIInterfaceOrientationLandscapeLeft UIInterfaceOrientationLandscapeRight";
				INFOPLIST_KEY_UISupportedInterfaceOrientations_iPhone = "UIInterfaceOrientationPortrait UIInterfaceOrientationLandscapeLeft UIInterfaceOrientationLandscapeRight";
				LD_RUNPATH_SEARCH_PATHS = (
					"$(inherited)",
					"@executable_path/Frameworks",
				);
				MARKETING_VERSION = 1.0;
				PRODUCT_BUNDLE_IDENTIFIER = com.aal3aamry.kuwaitCodesTracksApp;
				PRODUCT_NAME = "$(TARGET_NAME)";
				SWIFT_EMIT_LOC_STRINGS = YES;
				SWIFT_VERSION = 5.0;
				TARGETED_DEVICE_FAMILY = "1,2";
			};
			name = Release;
		};
/* End XCBuildConfiguration section */

/* Begin XCConfigurationList section */
		EC8E624928A0FDE200F87734 /* Build configuration list for PBXProject "kuwaitCodesTracksApp" */ = {
			isa = XCConfigurationList;
			buildConfigurations = (
				EC8E625A28A0FDE300F87734 /* Debug */,
				EC8E625B28A0FDE300F87734 /* Release */,
			);
			defaultConfigurationIsVisible = 0;
			defaultConfigurationName = Release;
		};
		EC8E625C28A0FDE300F87734 /* Build configuration list for PBXNativeTarget "kuwaitCodesTracksApp" */ = {
			isa = XCConfigurationList;
			buildConfigurations = (
				EC8E625D28A0FDE300F87734 /* Debug */,
				EC8E625E28A0FDE300F87734 /* Release */,
			);
			defaultConfigurationIsVisible = 0;
			defaultConfigurationName = Release;
		};
/* End XCConfigurationList section */
	};
	rootObject = EC8E624628A0FDE200F87734 /* Project object */;
}
